// !$*UTF8*$!
{
	archiveVersion = 1;
	classes = {
	};
	objectVersion = 56;
	objects = {

/* Begin PBXBuildFile section */
		5E389E202A0BD2E000A4CFD6 /* DynamicTableListApp.swift in Sources */ = {isa = PBXBuildFile; fileRef = 5E389E1F2A0BD2E000A4CFD6 /* DynamicTableListApp.swift */; };
		5E389E222A0BD2E000A4CFD6 /* ContentView.swift in Sources */ = {isa = PBXBuildFile; fileRef = 5E389E212A0BD2E000A4CFD6 /* ContentView.swift */; };
		5E389E242A0BD2E100A4CFD6 /* Assets.xcassets in Resources */ = {isa = PBXBuildFile; fileRef = 5E389E232A0BD2E100A4CFD6 /* Assets.xcassets */; };
		5E389E272A0BD2E100A4CFD6 /* Preview Assets.xcassets in Resources */ = {isa = PBXBuildFile; fileRef = 5E389E262A0BD2E100A4CFD6 /* Preview Assets.xcassets */; };
		5E389E302A0BD4FF00A4CFD6 /* Fruit.swift in Sources */ = {isa = PBXBuildFile; fileRef = 5E389E2F2A0BD4FF00A4CFD6 /* Fruit.swift */; };
		5E389E322A0C1A3100A4CFD6 /* FruitsViewModel.swift in Sources */ = {isa = PBXBuildFile; fileRef = 5E389E312A0C1A3100A4CFD6 /* FruitsViewModel.swift */; };
		5E389E352A0C2B7C00A4CFD6 /* Screenshots1.png in Resources */ = {isa = PBXBuildFile; fileRef = 5E389E342A0C2B7C00A4CFD6 /* Screenshots1.png */; };
/* End PBXBuildFile section */

/* Begin PBXFileReference section */
		5E389E1C2A0BD2E000A4CFD6 /* DynamicTableList.app */ = {isa = PBXFileReference; explicitFileType = wrapper.application; includeInIndex = 0; path = DynamicTableList.app; sourceTree = BUILT_PRODUCTS_DIR; };
		5E389E1F2A0BD2E000A4CFD6 /* DynamicTableListApp.swift */ = {isa = PBXFileReference; lastKnownFileType = sourcecode.swift; path = DynamicTableListApp.swift; sourceTree = "<group>"; };
		5E389E212A0BD2E000A4CFD6 /* ContentView.swift */ = {isa = PBXFileReference; lastKnownFileType = sourcecode.swift; path = ContentView.swift; sourceTree = "<group>"; };
		5E389E232A0BD2E100A4CFD6 /* Assets.xcassets */ = {isa = PBXFileReference; lastKnownFileType = folder.assetcatalog; path = Assets.xcassets; sourceTree = "<group>"; };
		5E389E262A0BD2E100A4CFD6 /* Preview Assets.xcassets */ = {isa = PBXFileReference; lastKnownFileType = folder.assetcatalog; path = "Preview Assets.xcassets"; sourceTree = "<group>"; };
		5E389E2F2A0BD4FF00A4CFD6 /* Fruit.swift */ = {isa = PBXFileReference; lastKnownFileType = sourcecode.swift; path = Fruit.swift; sourceTree = "<group>"; };
		5E389E312A0C1A3100A4CFD6 /* FruitsViewModel.swift */ = {isa = PBXFileReference; lastKnownFileType = sourcecode.swift; path = FruitsViewModel.swift; sourceTree = "<group>"; };
		5E389E342A0C2B7C00A4CFD6 /* Screenshots1.png */ = {isa = PBXFileReference; lastKnownFileType = image.png; path = Screenshots1.png; sourceTree = "<group>"; };
/* End PBXFileReference section */

/* Begin PBXFrameworksBuildPhase section */
		5E389E192A0BD2E000A4CFD6 /* Frameworks */ = {
			isa = PBXFrameworksBuildPhase;
			buildActionMask = 2147483647;
			files = (
			);
			runOnlyForDeploymentPostprocessing = 0;
		};
/* End PBXFrameworksBuildPhase section */

/* Begin PBXGroup section */
		5E389E132A0BD2E000A4CFD6 = {
			isa = PBXGroup;
			children = (
				5E389E1E2A0BD2E000A4CFD6 /* DynamicTableList */,
				5E389E1D2A0BD2E000A4CFD6 /* Products */,
			);
			sourceTree = "<group>";
		};
		5E389E1D2A0BD2E000A4CFD6 /* Products */ = {
			isa = PBXGroup;
			children = (
				5E389E1C2A0BD2E000A4CFD6 /* DynamicTableList.app */,
			);
			name = Products;
			sourceTree = "<group>";
		};
		5E389E1E2A0BD2E000A4CFD6 /* DynamicTableList */ = {
			isa = PBXGroup;
			children = (
				5E389E1F2A0BD2E000A4CFD6 /* DynamicTableListApp.swift */,
				5E389E212A0BD2E000A4CFD6 /* ContentView.swift */,
				5E389E312A0C1A3100A4CFD6 /* FruitsViewModel.swift */,
				5E389E2F2A0BD4FF00A4CFD6 /* Fruit.swift */,
				5E389E232A0BD2E100A4CFD6 /* Assets.xcassets */,
				5E389E332A0C2AEF00A4CFD6 /* Screenshots */,
				5E389E252A0BD2E100A4CFD6 /* Preview Content */,
			);
			path = DynamicTableList;
			sourceTree = "<group>";
		};
		5E389E252A0BD2E100A4CFD6 /* Preview Content */ = {
			isa = PBXGroup;
			children = (
				5E389E262A0BD2E100A4CFD6 /* Preview Assets.xcassets */,
			);
			path = "Preview Content";
			sourceTree = "<group>";
		};
		5E389E332A0C2AEF00A4CFD6 /* Screenshots */ = {
			isa = PBXGroup;
			children = (
				5E389E342A0C2B7C00A4CFD6 /* Screenshots1.png */,
			);
			path = Screenshots;
			sourceTree = "<group>";
		};
/* End PBXGroup section */

/* Begin PBXNativeTarget section */
		5E389E1B2A0BD2E000A4CFD6 /* DynamicTableList */ = {
			isa = PBXNativeTarget;
			buildConfigurationList = 5E389E2A2A0BD2E100A4CFD6 /* Build configuration list for PBXNativeTarget "DynamicTableList" */;
			buildPhases = (
				5E389E182A0BD2E000A4CFD6 /* Sources */,
				5E389E192A0BD2E000A4CFD6 /* Frameworks */,
				5E389E1A2A0BD2E000A4CFD6 /* Resources */,
			);
			buildRules = (
			);
			dependencies = (
			);
			name = DynamicTableList;
			productName = DynamicTableList;
			productReference = 5E389E1C2A0BD2E000A4CFD6 /* DynamicTableList.app */;
			productType = "com.apple.product-type.application";
		};
/* End PBXNativeTarget section */

/* Begin PBXProject section */
		5E389E142A0BD2E000A4CFD6 /* Project object */ = {
			isa = PBXProject;
			attributes = {
				BuildIndependentTargetsInParallel = 1;
				LastSwiftUpdateCheck = 1430;
				LastUpgradeCheck = 1430;
				TargetAttributes = {
					5E389E1B2A0BD2E000A4CFD6 = {
						CreatedOnToolsVersion = 14.3;
					};
				};
			};
			buildConfigurationList = 5E389E172A0BD2E000A4CFD6 /* Build configuration list for PBXProject "DynamicTableList" */;
			compatibilityVersion = "Xcode 14.0";
			developmentRegion = en;
			hasScannedForEncodings = 0;
			knownRegions = (
				en,
				Base,
			);
			mainGroup = 5E389E132A0BD2E000A4CFD6;
			productRefGroup = 5E389E1D2A0BD2E000A4CFD6 /* Products */;
			projectDirPath = "";
			projectRoot = "";
			targets = (
				5E389E1B2A0BD2E000A4CFD6 /* DynamicTableList */,
			);
		};
/* End PBXProject section */

/* Begin PBXResourcesBuildPhase section */
		5E389E1A2A0BD2E000A4CFD6 /* Resources */ = {
			isa = PBXResourcesBuildPhase;
			buildActionMask = 2147483647;
			files = (
				5E389E272A0BD2E100A4CFD6 /* Preview Assets.xcassets in Resources */,
				5E389E242A0BD2E100A4CFD6 /* Assets.xcassets in Resources */,
				5E389E352A0C2B7C00A4CFD6 /* Screenshots1.png in Resources */,
			);
			runOnlyForDeploymentPostprocessing = 0;
		};
/* End PBXResourcesBuildPhase section */

/* Begin PBXSourcesBuildPhase section */
		5E389E182A0BD2E000A4CFD6 /* Sources */ = {
			isa = PBXSourcesBuildPhase;
			buildActionMask = 2147483647;
			files = (
				5E389E302A0BD4FF00A4CFD6 /* Fruit.swift in Sources */,
				5E389E222A0BD2E000A4CFD6 /* ContentView.swift in Sources */,
				5E389E322A0C1A3100A4CFD6 /* FruitsViewModel.swift in Sources */,
				5E389E202A0BD2E000A4CFD6 /* DynamicTableListApp.swift in Sources */,
			);
			runOnlyForDeploymentPostprocessing = 0;
		};
/* End PBXSourcesBuildPhase section */

/* Begin XCBuildConfiguration section */
		5E389E282A0BD2E100A4CFD6 /* Debug */ = {
			isa = XCBuildConfiguration;
			buildSettings = {
				ALWAYS_SEARCH_USER_PATHS = NO;
				CLANG_ANALYZER_NONNULL = YES;
				CLANG_ANALYZER_NUMBER_OBJECT_CONVERSION = YES_AGGRESSIVE;
				CLANG_CXX_LANGUAGE_STANDARD = "gnu++20";
				CLANG_ENABLE_MODULES = YES;
				CLANG_ENABLE_OBJC_ARC = YES;
				CLANG_ENABLE_OBJC_WEAK = YES;
				CLANG_WARN_BLOCK_CAPTURE_AUTORELEASING = YES;
				CLANG_WARN_BOOL_CONVERSION = YES;
				CLANG_WARN_COMMA = YES;
				CLANG_WARN_CONSTANT_CONVERSION = YES;
				CLANG_WARN_DEPRECATED_OBJC_IMPLEMENTATIONS = YES;
				CLANG_WARN_DIRECT_OBJC_ISA_USAGE = YES_ERROR;
				CLANG_WARN_DOCUMENTATION_COMMENTS = YES;
				CLANG_WARN_EMPTY_BODY = YES;
				CLANG_WARN_ENUM_CONVERSION = YES;
				CLANG_WARN_INFINITE_RECURSION = YES;
				CLANG_WARN_INT_CONVERSION = YES;
				CLANG_WARN_NON_LITERAL_NULL_CONVERSION = YES;
				CLANG_WARN_OBJC_IMPLICIT_RETAIN_SELF = YES;
				CLANG_WARN_OBJC_LITERAL_CONVERSION = YES;
				CLANG_WARN_OBJC_ROOT_CLASS = YES_ERROR;
				CLANG_WARN_QUOTED_INCLUDE_IN_FRAMEWORK_HEADER = YES;
				CLANG_WARN_RANGE_LOOP_ANALYSIS = YES;
				CLANG_WARN_STRICT_PROTOTYPES = YES;
				CLANG_WARN_SUSPICIOUS_MOVE = YES;
				CLANG_WARN_UNGUARDED_AVAILABILITY = YES_AGGRESSIVE;
				CLANG_WARN_UNREACHABLE_CODE = YES;
				CLANG_WARN__DUPLICATE_METHOD_MATCH = YES;
				COPY_PHASE_STRIP = NO;
				DEBUG_INFORMATION_FORMAT = dwarf;
				ENABLE_STRICT_OBJC_MSGSEND = YES;
				ENABLE_TESTABILITY = YES;
				GCC_C_LANGUAGE_STANDARD = gnu11;
				GCC_DYNAMIC_NO_PIC = NO;
				GCC_NO_COMMON_BLOCKS = YES;
				GCC_OPTIMIZATION_LEVEL = 0;
				GCC_PREPROCESSOR_DEFINITIONS = (
					"DEBUG=1",
					"$(inherited)",
				);
				GCC_WARN_64_TO_32_BIT_CONVERSION = YES;
				GCC_WARN_ABOUT_RETURN_TYPE = YES_ERROR;
				GCC_WARN_UNDECLARED_SELECTOR = YES;
				GCC_WARN_UNINITIALIZED_AUTOS = YES_AGGRESSIVE;
				GCC_WARN_UNUSED_FUNCTION = YES;
				GCC_WARN_UNUSED_VARIABLE = YES;
				IPHONEOS_DEPLOYMENT_TARGET = 16.4;
				MTL_ENABLE_DEBUG_INFO = INCLUDE_SOURCE;
				MTL_FAST_MATH = YES;
				ONLY_ACTIVE_ARCH = YES;
				SDKROOT = iphoneos;
				SWIFT_ACTIVE_COMPILATION_CONDITIONS = DEBUG;
				SWIFT_OPTIMIZATION_LEVEL = "-Onone";
			};
			name = Debug;
		};
		5E389E292A0BD2E100A4CFD6 /* Release */ = {
			isa = XCBuildConfiguration;
			buildSettings = {
				ALWAYS_SEARCH_USER_PATHS = NO;
				CLANG_ANALYZER_NONNULL = YES;
				CLANG_ANALYZER_NUMBER_OBJECT_CONVERSION = YES_AGGRESSIVE;
				CLANG_CXX_LANGUAGE_STANDARD = "gnu++20";
				CLANG_ENABLE_MODULES = YES;
				CLANG_ENABLE_OBJC_ARC = YES;
				CLANG_ENABLE_OBJC_WEAK = YES;
				CLANG_WARN_BLOCK_CAPTURE_AUTORELEASING = YES;
				CLANG_WARN_BOOL_CONVERSION = YES;
				CLANG_WARN_COMMA = YES;
				CLANG_WARN_CONSTANT_CONVERSION = YES;
				CLANG_WARN_DEPRECATED_OBJC_IMPLEMENTATIONS = YES;
				CLANG_WARN_DIRECT_OBJC_ISA_USAGE = YES_ERROR;
				CLANG_WARN_DOCUMENTATION_COMMENTS = YES;
				CLANG_WARN_EMPTY_BODY = YES;
				CLANG_WARN_ENUM_CONVERSION = YES;
				CLANG_WARN_INFINITE_RECURSION = YES;
				CLANG_WARN_INT_CONVERSION = YES;
				CLANG_WARN_NON_LITERAL_NULL_CONVERSION = YES;
				CLANG_WARN_OBJC_IMPLICIT_RETAIN_SELF = YES;
				CLANG_WARN_OBJC_LITERAL_CONVERSION = YES;
				CLANG_WARN_OBJC_ROOT_CLASS = YES_ERROR;
				CLANG_WARN_QUOTED_INCLUDE_IN_FRAMEWORK_HEADER = YES;
				CLANG_WARN_RANGE_LOOP_ANALYSIS = YES;
				CLANG_WARN_STRICT_PROTOTYPES = YES;
				CLANG_WARN_SUSPICIOUS_MOVE = YES;
				CLANG_WARN_UNGUARDED_AVAILABILITY = YES_AGGRESSIVE;
				CLANG_WARN_UNREACHABLE_CODE = YES;
				CLANG_WARN__DUPLICATE_METHOD_MATCH = YES;
				COPY_PHASE_STRIP = NO;
				DEBUG_INFORMATION_FORMAT = "dwarf-with-dsym";
				ENABLE_NS_ASSERTIONS = NO;
				ENABLE_STRICT_OBJC_MSGSEND = YES;
				GCC_C_LANGUAGE_STANDARD = gnu11;
				GCC_NO_COMMON_BLOCKS = YES;
				GCC_WARN_64_TO_32_BIT_CONVERSION = YES;
				GCC_WARN_ABOUT_RETURN_TYPE = YES_ERROR;
				GCC_WARN_UNDECLARED_SELECTOR = YES;
				GCC_WARN_UNINITIALIZED_AUTOS = YES_AGGRESSIVE;
				GCC_WARN_UNUSED_FUNCTION = YES;
				GCC_WARN_UNUSED_VARIABLE = YES;
				IPHONEOS_DEPLOYMENT_TARGET = 16.4;
				MTL_ENABLE_DEBUG_INFO = NO;
				MTL_FAST_MATH = YES;
				SDKROOT = iphoneos;
				SWIFT_COMPILATION_MODE = wholemodule;
				SWIFT_OPTIMIZATION_LEVEL = "-O";
				VALIDATE_PRODUCT = YES;
			};
			name = Release;
		};
		5E389E2B2A0BD2E100A4CFD6 /* Debug */ = {
			isa = XCBuildConfiguration;
			buildSettings = {
				ASSETCATALOG_COMPILER_APPICON_NAME = AppIcon;
				ASSETCATALOG_COMPILER_GLOBAL_ACCENT_COLOR_NAME = AccentColor;
				CODE_SIGN_STYLE = Automatic;
				CURRENT_PROJECT_VERSION = 1;
				DEVELOPMENT_ASSET_PATHS = "\"DynamicTableList/Preview Content\"";
				DEVELOPMENT_TEAM = GN62DQ3ZM4;
				ENABLE_PREVIEWS = YES;
				GENERATE_INFOPLIST_FILE = YES;
				INFOPLIST_KEY_UIApplicationSceneManifest_Generation = YES;
				INFOPLIST_KEY_UIApplicationSupportsIndirectInputEvents = YES;
				INFOPLIST_KEY_UILaunchScreen_Generation = YES;
				INFOPLIST_KEY_UISupportedInterfaceOrientations_iPad = "UIInterfaceOrientationPortrait UIInterfaceOrientationPortraitUpsideDown UIInterfaceOrientationLandscapeLeft UIInterfaceOrientationLandscapeRight";
				INFOPLIST_KEY_UISupportedInterfaceOrientations_iPhone = "UIInterfaceOrientationPortrait UIInterfaceOrientationLandscapeLeft UIInterfaceOrientationLandscapeRight";
				LD_RUNPATH_SEARCH_PATHS = (
					"$(inherited)",
					"@executable_path/Frameworks",
				);
				MARKETING_VERSION = 1.0;
				PRODUCT_BUNDLE_IDENTIFIER = vp.DynamicTableList;
				PRODUCT_NAME = "$(TARGET_NAME)";
				SWIFT_EMIT_LOC_STRINGS = YES;
				SWIFT_VERSION = 5.0;
				TARGETED_DEVICE_FAMILY = "1,2";
			};
			name = Debug;
		};
		5E389E2C2A0BD2E100A4CFD6 /* Release */ = {
			isa = XCBuildConfiguration;
			buildSettings = {
				ASSETCATALOG_COMPILER_APPICON_NAME = AppIcon;
				ASSETCATALOG_COMPILER_GLOBAL_ACCENT_COLOR_NAME = AccentColor;
				CODE_SIGN_STYLE = Automatic;
				CURRENT_PROJECT_VERSION = 1;
				DEVELOPMENT_ASSET_PATHS = "\"DynamicTableList/Preview Content\"";
				DEVELOPMENT_TEAM = GN62DQ3ZM4;
				ENABLE_PREVIEWS = YES;
				GENERATE_INFOPLIST_FILE = YES;
				INFOPLIST_KEY_UIApplicationSceneManifest_Generation = YES;
				INFOPLIST_KEY_UIApplicationSupportsIndirectInputEvents = YES;
				INFOPLIST_KEY_UILaunchScreen_Generation = YES;
				INFOPLIST_KEY_UISupportedInterfaceOrientations_iPad = "UIInterfaceOrientationPortrait UIInterfaceOrientationPortraitUpsideDown UIInterfaceOrientationLandscapeLeft UIInterfaceOrientationLandscapeRight";
				INFOPLIST_KEY_UISupportedInterfaceOrientations_iPhone = "UIInterfaceOrientationPortrait UIInterfaceOrientationLandscapeLeft UIInterfaceOrientationLandscapeRight";
				LD_RUNPATH_SEARCH_PATHS = (
					"$(inherited)",
					"@executable_path/Frameworks",
				);
				MARKETING_VERSION = 1.0;
				PRODUCT_BUNDLE_IDENTIFIER = vp.DynamicTableList;
				PRODUCT_NAME = "$(TARGET_NAME)";
				SWIFT_EMIT_LOC_STRINGS = YES;
				SWIFT_VERSION = 5.0;
				TARGETED_DEVICE_FAMILY = "1,2";
			};
			name = Release;
		};
/* End XCBuildConfiguration section */

/* Begin XCConfigurationList section */
		5E389E172A0BD2E000A4CFD6 /* Build configuration list for PBXProject "DynamicTableList" */ = {
			isa = XCConfigurationList;
			buildConfigurations = (
				5E389E282A0BD2E100A4CFD6 /* Debug */,
				5E389E292A0BD2E100A4CFD6 /* Release */,
			);
			defaultConfigurationIsVisible = 0;
			defaultConfigurationName = Release;
		};
		5E389E2A2A0BD2E100A4CFD6 /* Build configuration list for PBXNativeTarget "DynamicTableList" */ = {
			isa = XCConfigurationList;
			buildConfigurations = (
				5E389E2B2A0BD2E100A4CFD6 /* Debug */,
				5E389E2C2A0BD2E100A4CFD6 /* Release */,
			);
			defaultConfigurationIsVisible = 0;
			defaultConfigurationName = Release;
		};
/* End XCConfigurationList section */
	};
	rootObject = 5E389E142A0BD2E000A4CFD6 /* Project object */;
}
